
Microsoft Visual Studio Solution File, Format Version 12.00
# Visual Studio Version 16
VisualStudioVersion = 16.0.30002.166
MinimumVisualStudioVersion = 10.0.40219.1
Project("{9A19103F-16F7-4668-BE54-9A1E7A4F7556}") = "AT_Cunha", "AT_Cunha.csproj", "{6BB26E2E-9CE4-4150-AA99-A887C53AEA9F}"
	ProjectSection(ProjectDependencies) = postProject
		{88FDA6DF-26E7-4F8D-BCF2-34642E34FC2F} = {88FDA6DF-26E7-4F8D-BCF2-34642E34FC2F}
	EndProjectSection
EndProject
Project("{9A19103F-16F7-4668-BE54-9A1E7A4F7556}") = "Biblioteca.Pessoa", "..\ClassLibrary1\Biblioteca.Pessoa.csproj", "{88FDA6DF-26E7-4F8D-BCF2-34642E34FC2F}"
EndProject
Global
	GlobalSection(SolutionConfigurationPlatforms) = preSolution
		Debug|Any CPU = Debug|Any CPU
		Release|Any CPU = Release|Any CPU
	EndGlobalSection
	GlobalSection(ProjectConfigurationPlatforms) = postSolution
		{6BB26E2E-9CE4-4150-AA99-A887C53AEA9F}.Debug|Any CPU.ActiveCfg = Debug|Any CPU
		{6BB26E2E-9CE4-4150-AA99-A887C53AEA9F}.Debug|Any CPU.Build.0 = Debug|Any CPU
		{6BB26E2E-9CE4-4150-AA99-A887C53AEA9F}.Release|Any CPU.ActiveCfg = Release|Any CPU
		{6BB26E2E-9CE4-4150-AA99-A887C53AEA9F}.Release|Any CPU.Build.0 = Release|Any CPU
		{88FDA6DF-26E7-4F8D-BCF2-34642E34FC2F}.Debug|Any CPU.ActiveCfg = Debug|Any CPU
		{88FDA6DF-26E7-4F8D-BCF2-34642E34FC2F}.Debug|Any CPU.Build.0 = Debug|Any CPU
		{88FDA6DF-26E7-4F8D-BCF2-34642E34FC2F}.Release|Any CPU.ActiveCfg = Release|Any CPU
		{88FDA6DF-26E7-4F8D-BCF2-34642E34FC2F}.Release|Any CPU.Build.0 = Release|Any CPU
	EndGlobalSection
	GlobalSection(SolutionProperties) = preSolution
		HideSolutionNode = FALSE
	EndGlobalSection
	GlobalSection(ExtensibilityGlobals) = postSolution
		SolutionGuid = {A219DF34-3E5D-4CA1-B4E8-096D4559434A}
	EndGlobalSection
EndGlobal
